character: 春野樱
selected_template: mitsuri
identity: "Teen Shippuden Sakura: short pink hair parted at forehead with long side front strands, green eyes, RED hairband with silver Leaf plate on TOP of head (not forehead), red SLEEVELESS high collar zip top, light pink split waist overskirt over BLACK SHORTS, purple arm bands, dark fingerless gloves, dark purple knee high OPEN TOE boots, thigh pouch. No forehead diamond."
