character: 波风水门
selected_template: tanjiro
identity: "Adult Minato Fourth Hokage: bright blond spiky hair and long side bangs, blue eyes NO WHISKER MARKS, dark blue silver Leaf forehead protector, green flak vest over navy ninja clothing, WHITE LONG HIGH COLLAR HOKAGE CLOAK with RED FLAME HEM, red chest tie cord, navy full trousers with white thigh wraps, black open toe sandals."
