character: 漩涡鸣人
selected_template: rengoku
identity: "Shippuden teenage Naruto: blond spiky hair, blue eyes, exactly three whisker marks per cheek, black silver Leaf forehead protector with black tails, black high collar zip jacket with orange panels, FULL LENGTH orange pants, thigh white straps and pouch, black open-toe ninja sandals."
