character: 我爱罗
selected_template: shinobu
identity: "Shippuden Gaara: short spiky reddish brown hair, pale green eyes with thick dark eye rings and NO EYEBROWS, red 愛 kanji on his LEFT forehead (viewer RIGHT), full-sleeved maroon tunic with split lower panels, maroon trousers, blue-gray crossbody harness and layered waist straps silver buckle, black open-toe sandals. Large tan gourd carried on back with physically connected harness; do not move it to chest."
