character: 日向雏田
selected_template: mitsuri
identity: "Teen Shippuden Hinata: long straight blue-black hair, blunt bangs, pale lavender-white Byakugan eyes WITHOUT dark pupils, lavender zipper jacket with cream hood and cream long sleeves lavender cuffs, silver Leaf protector AT NECK, navy below knee pants, white thigh bands and pouch, open-toe ninja sandals."
