character: 旗木卡卡西
selected_template: reze
identity: "Adult Kakashi: upright silver gray spiky hair, navy forehead band with diagonal silver Leaf plate covering LEFT eye (viewer RIGHT), only ONE visible gray right eye (viewer LEFT). Navy fabric FACE MASK ALWAYS COVERS NOSE AND MOUTH, NEVER show lips or second eye. Green pocketed flak vest over full navy long sleeved clothes and trousers, white thigh and calf wraps, navy fingerless gloves, black open-toe sandals. Express emotions using only visible eye and posture."
