character: 宇智波佐助
selected_template: shinobu
identity: "Teen Hebi Sasuke: blue-black spiky rear hair and long side fringe, dark eyes NOT Sharingan, gray lavender short-sleeve high open collar zipper shirt with V neckline, navy waist apron, thick PURPLE ROPE BELT with front knot and hanging ends, dark calf length pants, navy wristbands, black open-toe sandals."
